PODS:
  - BlocksKit (2.2.2):
    - BlocksKit/All
  - BlocksKit/All (2.2.2):
    - BlocksKit/Core
    - BlocksKit/DynamicDelegate
    - BlocksKit/MessageUI
    - BlocksKit/UIKit
  - BlocksKit/Core (2.2.2)
  - BlocksKit/DynamicDelegate (2.2.2)
  - BlocksKit/MessageUI (2.2.2):
    - BlocksKit/Core
    - BlocksKit/DynamicDelegate
  - BlocksKit/UIKit (2.2.2):
    - BlocksKit/Core
    - BlocksKit/DynamicDelegate
  - HexColors (2.2.1)
  - SVProgressHUD (1.0)
  - TransitionKit (2.1.0)

DEPENDENCIES:
  - BlocksKit
  - HexColors
  - SVProgressHUD
  - TransitionKit

SPEC CHECKSUMS:
  BlocksKit: 125e4e69a62e3b85bacc5175737dae000b00b9fb
  HexColors: 99211502e17904af7891fc8f687d0e4958a6d66e
  SVProgressHUD: 5e10939a296debf5fe5a5895eda9539b8b2114f1
  TransitionKit: 60b6a2cd9370e471c960b2cdf23b0b2593867625

COCOAPODS: 0.32.1
